
Microsoft Visual Studio Solution File, Format Version 12.00
# Visual Studio Version 16
VisualStudioVersion = 16.0.30011.22
MinimumVisualStudioVersion = 10.0.40219.1
Project("{FAE04EC0-301F-11D3-BF4B-00C04F79EFBC}") = "AutoBackupTool", "AutoBackupTool.csproj", "{AE527CC2-5176-4BEC-A8A4-1886A4428A9B}"
EndProject
Global
	GlobalSection(SolutionConfigurationPlatforms) = preSolution
		Debug|Any CPU = Debug|Any CPU
		Release|Any CPU = Release|Any CPU
	EndGlobalSection
	GlobalSection(ProjectConfigurationPlatforms) = postSolution
		{AE527CC2-5176-4BEC-A8A4-1886A4428A9B}.Debug|Any CPU.ActiveCfg = Debug|Any CPU
		{AE527CC2-5176-4BEC-A8A4-1886A4428A9B}.Debug|Any CPU.Build.0 = Debug|Any CPU
		{AE527CC2-5176-4BEC-A8A4-1886A4428A9B}.Release|Any CPU.ActiveCfg = Release|Any CPU
		{AE527CC2-5176-4BEC-A8A4-1886A4428A9B}.Release|Any CPU.Build.0 = Release|Any CPU
	EndGlobalSection
	GlobalSection(SolutionProperties) = preSolution
		HideSolutionNode = FALSE
	EndGlobalSection
	GlobalSection(ExtensibilityGlobals) = postSolution
		SolutionGuid = {384B87B8-A80D-4FAA-84AF-70B02A32F0FA}
	EndGlobalSection
EndGlobal
